// !$*UTF8*$!
{
	archiveVersion = 1;
	classes = {
	};
	objectVersion = 77;
	objects = {

/* Begin PBXContainerItemProxy section */
		181E0C792CB68C1400688FA2 /* PBXContainerItemProxy */ = {
			isa = PBXContainerItemProxy;
			containerPortal = 181E0C5E2CB68C1200688FA2 /* Project object */;
			proxyType = 1;
			remoteGlobalIDString = 181E0C652CB68C1200688FA2;
			remoteInfo = CountCICD;
		};
		181E0C832CB68C1400688FA2 /* PBXContainerItemProxy */ = {
			isa = PBXContainerItemProxy;
			containerPortal = 181E0C5E2CB68C1200688FA2 /* Project object */;
			proxyType = 1;
			remoteGlobalIDString = 181E0C652CB68C1200688FA2;
			remoteInfo = CountCICD;
		};
/* End PBXContainerItemProxy section */

/* Begin PBXFileReference section */
		181E0C662CB68C1200688FA2 /* CountCICD.app */ = {isa = PBXFileReference; explicitFileType = wrapper.application; includeInIndex = 0; path = CountCICD.app; sourceTree = BUILT_PRODUCTS_DIR; };
		181E0C782CB68C1400688FA2 /* CountCICDTests.xctest */ = {isa = PBXFileReference; explicitFileType = wrapper.cfbundle; includeInIndex = 0; path = CountCICDTests.xctest; sourceTree = BUILT_PRODUCTS_DIR; };
		181E0C822CB68C1400688FA2 /* CountCICDUITests.xctest */ = {isa = PBXFileReference; explicitFileType = wrapper.cfbundle; includeInIndex = 0; path = CountCICDUITests.xctest; sourceTree = BUILT_PRODUCTS_DIR; };
/* End PBXFileReference section */

/* Begin PBXFileSystemSynchronizedBuildFileExceptionSet section */
		181E0C972CB68C8C00688FA2 /* Exceptions for "CountCICD" folder in "CountCICD" target */ = {
			isa = PBXFileSystemSynchronizedBuildFileExceptionSet;
			membershipExceptions = (
				ContentView.swift,
				Item.swift,
			);
			target = 181E0C652CB68C1200688FA2 /* CountCICD */;
		};
/* End PBXFileSystemSynchronizedBuildFileExceptionSet section */

/* Begin PBXFileSystemSynchronizedRootGroup section */
		181E0C682CB68C1200688FA2 /* CountCICD */ = {
			isa = PBXFileSystemSynchronizedRootGroup;
			exceptions = (
				181E0C972CB68C8C00688FA2 /* Exceptions for "CountCICD" folder in "CountCICD" target */,
			);
			path = CountCICD;
			sourceTree = "<group>";
		};
		181E0C7B2CB68C1400688FA2 /* CountCICDTests */ = {
			isa = PBXFileSystemSynchronizedRootGroup;
			path = CountCICDTests;
			sourceTree = "<group>";
		};
		181E0C852CB68C1400688FA2 /* CountCICDUITests */ = {
			isa = PBXFileSystemSynchronizedRootGroup;
			path = CountCICDUITests;
			sourceTree = "<group>";
		};
/* End PBXFileSystemSynchronizedRootGroup section */

/* Begin PBXFrameworksBuildPhase section */
		181E0C632CB68C1200688FA2 /* Frameworks */ = {
			isa = PBXFrameworksBuildPhase;
			buildActionMask = 2147483647;
			files = (
			);
			runOnlyForDeploymentPostprocessing = 0;
		};
		181E0C752CB68C1400688FA2 /* Frameworks */ = {
			isa = PBXFrameworksBuildPhase;
			buildActionMask = 2147483647;
			files = (
			);
			runOnlyForDeploymentPostprocessing = 0;
		};
		181E0C7F2CB68C1400688FA2 /* Frameworks */ = {
			isa = PBXFrameworksBuildPhase;
			buildActionMask = 2147483647;
			files = (
			);
			runOnlyForDeploymentPostprocessing = 0;
		};
/* End PBXFrameworksBuildPhase section */

/* Begin PBXGroup section */
		181E0C5D2CB68C1200688FA2 = {
			isa = PBXGroup;
			children = (
				181E0C682CB68C1200688FA2 /* CountCICD */,
				181E0C7B2CB68C1400688FA2 /* CountCICDTests */,
				181E0C852CB68C1400688FA2 /* CountCICDUITests */,
				181E0C672CB68C1200688FA2 /* Products */,
			);
			sourceTree = "<group>";
		};
		181E0C672CB68C1200688FA2 /* Products */ = {
			isa = PBXGroup;
			children = (
				181E0C662CB68C1200688FA2 /* CountCICD.app */,
				181E0C782CB68C1400688FA2 /* CountCICDTests.xctest */,
				181E0C822CB68C1400688FA2 /* CountCICDUITests.xctest */,
			);
			name = Products;
			sourceTree = "<group>";
		};
/* End PBXGroup section */

/* Begin PBXNativeTarget section */
		181E0C652CB68C1200688FA2 /* CountCICD */ = {
			isa = PBXNativeTarget;
			buildConfigurationList = 181E0C8C2CB68C1400688FA2 /* Build configuration list for PBXNativeTarget "CountCICD" */;
			buildPhases = (
				181E0C622CB68C1200688FA2 /* Sources */,
				181E0C632CB68C1200688FA2 /* Frameworks */,
				181E0C642CB68C1200688FA2 /* Resources */,
			);
			buildRules = (
			);
			dependencies = (
			);
			fileSystemSynchronizedGroups = (
				181E0C682CB68C1200688FA2 /* CountCICD */,
			);
			name = CountCICD;
			packageProductDependencies = (
			);
			productName = CountCICD;
			productReference = 181E0C662CB68C1200688FA2 /* CountCICD.app */;
			productType = "com.apple.product-type.application";
		};
		181E0C772CB68C1400688FA2 /* CountCICDTests */ = {
			isa = PBXNativeTarget;
			buildConfigurationList = 181E0C8F2CB68C1400688FA2 /* Build configuration list for PBXNativeTarget "CountCICDTests" */;
			buildPhases = (
				181E0C742CB68C1400688FA2 /* Sources */,
				181E0C752CB68C1400688FA2 /* Frameworks */,
				181E0C762CB68C1400688FA2 /* Resources */,
			);
			buildRules = (
			);
			dependencies = (
				181E0C7A2CB68C1400688FA2 /* PBXTargetDependency */,
			);
			fileSystemSynchronizedGroups = (
				181E0C7B2CB68C1400688FA2 /* CountCICDTests */,
			);
			name = CountCICDTests;
			packageProductDependencies = (
			);
			productName = CountCICDTests;
			productReference = 181E0C782CB68C1400688FA2 /* CountCICDTests.xctest */;
			productType = "com.apple.product-type.bundle.unit-test";
		};
		181E0C812CB68C1400688FA2 /* CountCICDUITests */ = {
			isa = PBXNativeTarget;
			buildConfigurationList = 181E0C922CB68C1400688FA2 /* Build configuration list for PBXNativeTarget "CountCICDUITests" */;
			buildPhases = (
				181E0C7E2CB68C1400688FA2 /* Sources */,
				181E0C7F2CB68C1400688FA2 /* Frameworks */,
				181E0C802CB68C1400688FA2 /* Resources */,
			);
			buildRules = (
			);
			dependencies = (
				181E0C842CB68C1400688FA2 /* PBXTargetDependency */,
			);
			fileSystemSynchronizedGroups = (
				181E0C852CB68C1400688FA2 /* CountCICDUITests */,
			);
			name = CountCICDUITests;
			packageProductDependencies = (
			);
			productName = CountCICDUITests;
			productReference = 181E0C822CB68C1400688FA2 /* CountCICDUITests.xctest */;
			productType = "com.apple.product-type.bundle.ui-testing";
		};
/* End PBXNativeTarget section */

/* Begin PBXProject section */
		181E0C5E2CB68C1200688FA2 /* Project object */ = {
			isa = PBXProject;
			attributes = {
				BuildIndependentTargetsInParallel = 1;
				LastSwiftUpdateCheck = 1600;
				LastUpgradeCheck = 1600;
				TargetAttributes = {
					181E0C652CB68C1200688FA2 = {
						CreatedOnToolsVersion = 16.0;
					};
					181E0C772CB68C1400688FA2 = {
						CreatedOnToolsVersion = 16.0;
						TestTargetID = 181E0C652CB68C1200688FA2;
					};
					181E0C812CB68C1400688FA2 = {
						CreatedOnToolsVersion = 16.0;
						TestTargetID = 181E0C652CB68C1200688FA2;
					};
				};
			};
			buildConfigurationList = 181E0C612CB68C1200688FA2 /* Build configuration list for PBXProject "CountCICD" */;
			developmentRegion = en;
			hasScannedForEncodings = 0;
			knownRegions = (
				en,
				Base,
			);
			mainGroup = 181E0C5D2CB68C1200688FA2;
			minimizedProjectReferenceProxies = 1;
			preferredProjectObjectVersion = 77;
			productRefGroup = 181E0C672CB68C1200688FA2 /* Products */;
			projectDirPath = "";
			projectRoot = "";
			targets = (
				181E0C652CB68C1200688FA2 /* CountCICD */,
				181E0C772CB68C1400688FA2 /* CountCICDTests */,
				181E0C812CB68C1400688FA2 /* CountCICDUITests */,
			);
		};
/* End PBXProject section */

/* Begin PBXResourcesBuildPhase section */
		181E0C642CB68C1200688FA2 /* Resources */ = {
			isa = PBXResourcesBuildPhase;
			buildActionMask = 2147483647;
			files = (
			);
			runOnlyForDeploymentPostprocessing = 0;
		};
		181E0C762CB68C1400688FA2 /* Resources */ = {
			isa = PBXResourcesBuildPhase;
			buildActionMask = 2147483647;
			files = (
			);
			runOnlyForDeploymentPostprocessing = 0;
		};
		181E0C802CB68C1400688FA2 /* Resources */ = {
			isa = PBXResourcesBuildPhase;
			buildActionMask = 2147483647;
			files = (
			);
			runOnlyForDeploymentPostprocessing = 0;
		};
/* End PBXResourcesBuildPhase section */

/* Begin PBXSourcesBuildPhase section */
		181E0C622CB68C1200688FA2 /* Sources */ = {
			isa = PBXSourcesBuildPhase;
			buildActionMask = 2147483647;
			files = (
			);
			runOnlyForDeploymentPostprocessing = 0;
		};
		181E0C742CB68C1400688FA2 /* Sources */ = {
			isa = PBXSourcesBuildPhase;
			buildActionMask = 2147483647;
			files = (
			);
			runOnlyForDeploymentPostprocessing = 0;
		};
		181E0C7E2CB68C1400688FA2 /* Sources */ = {
			isa = PBXSourcesBuildPhase;
			buildActionMask = 2147483647;
			files = (
			);
			runOnlyForDeploymentPostprocessing = 0;
		};
/* End PBXSourcesBuildPhase section */

/* Begin PBXTargetDependency section */
		181E0C7A2CB68C1400688FA2 /* PBXTargetDependency */ = {
			isa = PBXTargetDependency;
			target = 181E0C652CB68C1200688FA2 /* CountCICD */;
			targetProxy = 181E0C792CB68C1400688FA2 /* PBXContainerItemProxy */;
		};
		181E0C842CB68C1400688FA2 /* PBXTargetDependency */ = {
			isa = PBXTargetDependency;
			target = 181E0C652CB68C1200688FA2 /* CountCICD */;
			targetProxy = 181E0C832CB68C1400688FA2 /* PBXContainerItemProxy */;
		};
/* End PBXTargetDependency section */

/* Begin XCBuildConfiguration section */
		181E0C8A2CB68C1400688FA2 /* Debug */ = {
			isa = XCBuildConfiguration;
			buildSettings = {
				ALWAYS_SEARCH_USER_PATHS = NO;
				ASSETCATALOG_COMPILER_GENERATE_SWIFT_ASSET_SYMBOL_EXTENSIONS = YES;
				CLANG_ANALYZER_NONNULL = YES;
				CLANG_ANALYZER_NUMBER_OBJECT_CONVERSION = YES_AGGRESSIVE;
				CLANG_CXX_LANGUAGE_STANDARD = "gnu++20";
				CLANG_ENABLE_MODULES = YES;
				CLANG_ENABLE_OBJC_ARC = YES;
				CLANG_ENABLE_OBJC_WEAK = YES;
				CLANG_WARN_BLOCK_CAPTURE_AUTORELEASING = YES;
				CLANG_WARN_BOOL_CONVERSION = YES;
				CLANG_WARN_COMMA = YES;
				CLANG_WARN_CONSTANT_CONVERSION = YES;
				CLANG_WARN_DEPRECATED_OBJC_IMPLEMENTATIONS = YES;
				CLANG_WARN_DIRECT_OBJC_ISA_USAGE = YES_ERROR;
				CLANG_WARN_DOCUMENTATION_COMMENTS = YES;
				CLANG_WARN_EMPTY_BODY = YES;
				CLANG_WARN_ENUM_CONVERSION = YES;
				CLANG_WARN_INFINITE_RECURSION = YES;
				CLANG_WARN_INT_CONVERSION = YES;
				CLANG_WARN_NON_LITERAL_NULL_CONVERSION = YES;
				CLANG_WARN_OBJC_IMPLICIT_RETAIN_SELF = YES;
				CLANG_WARN_OBJC_LITERAL_CONVERSION = YES;
				CLANG_WARN_OBJC_ROOT_CLASS = YES_ERROR;
				CLANG_WARN_QUOTED_INCLUDE_IN_FRAMEWORK_HEADER = YES;
				CLANG_WARN_RANGE_LOOP_ANALYSIS = YES;
				CLANG_WARN_STRICT_PROTOTYPES = YES;
				CLANG_WARN_SUSPICIOUS_MOVE = YES;
				CLANG_WARN_UNGUARDED_AVAILABILITY = YES_AGGRESSIVE;
				CLANG_WARN_UNREACHABLE_CODE = YES;
				CLANG_WARN__DUPLICATE_METHOD_MATCH = YES;
				COPY_PHASE_STRIP = NO;
				DEBUG_INFORMATION_FORMAT = dwarf;
				ENABLE_STRICT_OBJC_MSGSEND = YES;
				ENABLE_TESTABILITY = YES;
				ENABLE_USER_SCRIPT_SANDBOXING = YES;
				GCC_C_LANGUAGE_STANDARD = gnu17;
				GCC_DYNAMIC_NO_PIC = NO;
				GCC_NO_COMMON_BLOCKS = YES;
				GCC_OPTIMIZATION_LEVEL = 0;
				GCC_PREPROCESSOR_DEFINITIONS = (
					"DEBUG=1",
					"$(inherited)",
				);
				GCC_WARN_64_TO_32_BIT_CONVERSION = YES;
				GCC_WARN_ABOUT_RETURN_TYPE = YES_ERROR;
				GCC_WARN_UNDECLARED_SELECTOR = YES;
				GCC_WARN_UNINITIALIZED_AUTOS = YES_AGGRESSIVE;
				GCC_WARN_UNUSED_FUNCTION = YES;
				GCC_WARN_UNUSED_VARIABLE = YES;
				IPHONEOS_DEPLOYMENT_TARGET = 18.0;
				LOCALIZATION_PREFERS_STRING_CATALOGS = YES;
				MTL_ENABLE_DEBUG_INFO = INCLUDE_SOURCE;
				MTL_FAST_MATH = YES;
				ONLY_ACTIVE_ARCH = YES;
				SDKROOT = iphoneos;
				SWIFT_ACTIVE_COMPILATION_CONDITIONS = "DEBUG $(inherited)";
				SWIFT_OPTIMIZATION_LEVEL = "-Onone";
			};
			name = Debug;
		};
		181E0C8B2CB68C1400688FA2 /* Release */ = {
			isa = XCBuildConfiguration;
			buildSettings = {
				ALWAYS_SEARCH_USER_PATHS = NO;
				ASSETCATALOG_COMPILER_GENERATE_SWIFT_ASSET_SYMBOL_EXTENSIONS = YES;
				CLANG_ANALYZER_NONNULL = YES;
				CLANG_ANALYZER_NUMBER_OBJECT_CONVERSION = YES_AGGRESSIVE;
				CLANG_CXX_LANGUAGE_STANDARD = "gnu++20";
				CLANG_ENABLE_MODULES = YES;
				CLANG_ENABLE_OBJC_ARC = YES;
				CLANG_ENABLE_OBJC_WEAK = YES;
				CLANG_WARN_BLOCK_CAPTURE_AUTORELEASING = YES;
				CLANG_WARN_BOOL_CONVERSION = YES;
				CLANG_WARN_COMMA = YES;
				CLANG_WARN_CONSTANT_CONVERSION = YES;
				CLANG_WARN_DEPRECATED_OBJC_IMPLEMENTATIONS = YES;
				CLANG_WARN_DIRECT_OBJC_ISA_USAGE = YES_ERROR;
				CLANG_WARN_DOCUMENTATION_COMMENTS = YES;
				CLANG_WARN_EMPTY_BODY = YES;
				CLANG_WARN_ENUM_CONVERSION = YES;
				CLANG_WARN_INFINITE_RECURSION = YES;
				CLANG_WARN_INT_CONVERSION = YES;
				CLANG_WARN_NON_LITERAL_NULL_CONVERSION = YES;
				CLANG_WARN_OBJC_IMPLICIT_RETAIN_SELF = YES;
				CLANG_WARN_OBJC_LITERAL_CONVERSION = YES;
				CLANG_WARN_OBJC_ROOT_CLASS = YES_ERROR;
				CLANG_WARN_QUOTED_INCLUDE_IN_FRAMEWORK_HEADER = YES;
				CLANG_WARN_RANGE_LOOP_ANALYSIS = YES;
				CLANG_WARN_STRICT_PROTOTYPES = YES;
				CLANG_WARN_SUSPICIOUS_MOVE = YES;
				CLANG_WARN_UNGUARDED_AVAILABILITY = YES_AGGRESSIVE;
				CLANG_WARN_UNREACHABLE_CODE = YES;
				CLANG_WARN__DUPLICATE_METHOD_MATCH = YES;
				COPY_PHASE_STRIP = NO;
				DEBUG_INFORMATION_FORMAT = "dwarf-with-dsym";
				ENABLE_NS_ASSERTIONS = NO;
				ENABLE_STRICT_OBJC_MSGSEND = YES;
				ENABLE_USER_SCRIPT_SANDBOXING = YES;
				GCC_C_LANGUAGE_STANDARD = gnu17;
				GCC_NO_COMMON_BLOCKS = YES;
				GCC_WARN_64_TO_32_BIT_CONVERSION = YES;
				GCC_WARN_ABOUT_RETURN_TYPE = YES_ERROR;
				GCC_WARN_UNDECLARED_SELECTOR = YES;
				GCC_WARN_UNINITIALIZED_AUTOS = YES_AGGRESSIVE;
				GCC_WARN_UNUSED_FUNCTION = YES;
				GCC_WARN_UNUSED_VARIABLE = YES;
				IPHONEOS_DEPLOYMENT_TARGET = 18.0;
				LOCALIZATION_PREFERS_STRING_CATALOGS = YES;
				MTL_ENABLE_DEBUG_INFO = NO;
				MTL_FAST_MATH = YES;
				SDKROOT = iphoneos;
				SWIFT_COMPILATION_MODE = wholemodule;
				VALIDATE_PRODUCT = YES;
			};
			name = Release;
		};
		181E0C8D2CB68C1400688FA2 /* Debug */ = {
			isa = XCBuildConfiguration;
			buildSettings = {
				ASSETCATALOG_COMPILER_APPICON_NAME = AppIcon;
				ASSETCATALOG_COMPILER_GLOBAL_ACCENT_COLOR_NAME = AccentColor;
				CODE_SIGN_STYLE = Automatic;
				CURRENT_PROJECT_VERSION = 1;
				DEVELOPMENT_ASSET_PATHS = "\"CountCICD/Preview Content\"";
				ENABLE_PREVIEWS = YES;
				GENERATE_INFOPLIST_FILE = YES;
				INFOPLIST_KEY_UIApplicationSceneManifest_Generation = YES;
				INFOPLIST_KEY_UIApplicationSupportsIndirectInputEvents = YES;
				INFOPLIST_KEY_UILaunchScreen_Generation = YES;
				INFOPLIST_KEY_UISupportedInterfaceOrientations_iPad = "UIInterfaceOrientationPortrait UIInterfaceOrientationPortraitUpsideDown UIInterfaceOrientationLandscapeLeft UIInterfaceOrientationLandscapeRight";
				INFOPLIST_KEY_UISupportedInterfaceOrientations_iPhone = "UIInterfaceOrientationPortrait UIInterfaceOrientationLandscapeLeft UIInterfaceOrientationLandscapeRight";
				LD_RUNPATH_SEARCH_PATHS = (
					"$(inherited)",
					"@executable_path/Frameworks",
				);
				MARKETING_VERSION = 1.0;
				PRODUCT_BUNDLE_IDENTIFIER = changepond.mobile.TestFlight.CountCICD;
				PRODUCT_NAME = "$(TARGET_NAME)";
				SWIFT_EMIT_LOC_STRINGS = YES;
				SWIFT_VERSION = 5.0;
				TARGETED_DEVICE_FAMILY = "1,2";
			};
			name = Debug;
		};
		181E0C8E2CB68C1400688FA2 /* Release */ = {
			isa = XCBuildConfiguration;
			buildSettings = {
				ASSETCATALOG_COMPILER_APPICON_NAME = AppIcon;
				ASSETCATALOG_COMPILER_GLOBAL_ACCENT_COLOR_NAME = AccentColor;
				CODE_SIGN_STYLE = Automatic;
				CURRENT_PROJECT_VERSION = 1;
				DEVELOPMENT_ASSET_PATHS = "\"CountCICD/Preview Content\"";
				ENABLE_PREVIEWS = YES;
				GENERATE_INFOPLIST_FILE = YES;
				INFOPLIST_KEY_UIApplicationSceneManifest_Generation = YES;
				INFOPLIST_KEY_UIApplicationSupportsIndirectInputEvents = YES;
				INFOPLIST_KEY_UILaunchScreen_Generation = YES;
				INFOPLIST_KEY_UISupportedInterfaceOrientations_iPad = "UIInterfaceOrientationPortrait UIInterfaceOrientationPortraitUpsideDown UIInterfaceOrientationLandscapeLeft UIInterfaceOrientationLandscapeRight";
				INFOPLIST_KEY_UISupportedInterfaceOrientations_iPhone = "UIInterfaceOrientationPortrait UIInterfaceOrientationLandscapeLeft UIInterfaceOrientationLandscapeRight";
				LD_RUNPATH_SEARCH_PATHS = (
					"$(inherited)",
					"@executable_path/Frameworks",
				);
				MARKETING_VERSION = 1.0;
				PRODUCT_BUNDLE_IDENTIFIER = changepond.mobile.TestFlight.CountCICD;
				PRODUCT_NAME = "$(TARGET_NAME)";
				SWIFT_EMIT_LOC_STRINGS = YES;
				SWIFT_VERSION = 5.0;
				TARGETED_DEVICE_FAMILY = "1,2";
			};
			name = Release;
		};
		181E0C902CB68C1400688FA2 /* Debug */ = {
			isa = XCBuildConfiguration;
			buildSettings = {
				BUNDLE_LOADER = "$(TEST_HOST)";
				CODE_SIGN_STYLE = Automatic;
				CURRENT_PROJECT_VERSION = 1;
				GENERATE_INFOPLIST_FILE = YES;
				IPHONEOS_DEPLOYMENT_TARGET = 18.0;
				MARKETING_VERSION = 1.0;
				PRODUCT_BUNDLE_IDENTIFIER = changepond.mobile.TestFlight.CountCICDTests;
				PRODUCT_NAME = "$(TARGET_NAME)";
				SWIFT_EMIT_LOC_STRINGS = NO;
				SWIFT_VERSION = 5.0;
				TARGETED_DEVICE_FAMILY = "1,2";
				TEST_HOST = "$(BUILT_PRODUCTS_DIR)/CountCICD.app/$(BUNDLE_EXECUTABLE_FOLDER_PATH)/CountCICD";
			};
			name = Debug;
		};
		181E0C912CB68C1400688FA2 /* Release */ = {
			isa = XCBuildConfiguration;
			buildSettings = {
				BUNDLE_LOADER = "$(TEST_HOST)";
				CODE_SIGN_STYLE = Automatic;
				CURRENT_PROJECT_VERSION = 1;
				GENERATE_INFOPLIST_FILE = YES;
				IPHONEOS_DEPLOYMENT_TARGET = 18.0;
				MARKETING_VERSION = 1.0;
				PRODUCT_BUNDLE_IDENTIFIER = changepond.mobile.TestFlight.CountCICDTests;
				PRODUCT_NAME = "$(TARGET_NAME)";
				SWIFT_EMIT_LOC_STRINGS = NO;
				SWIFT_VERSION = 5.0;
				TARGETED_DEVICE_FAMILY = "1,2";
				TEST_HOST = "$(BUILT_PRODUCTS_DIR)/CountCICD.app/$(BUNDLE_EXECUTABLE_FOLDER_PATH)/CountCICD";
			};
			name = Release;
		};
		181E0C932CB68C1400688FA2 /* Debug */ = {
			isa = XCBuildConfiguration;
			buildSettings = {
				CODE_SIGN_STYLE = Automatic;
				CURRENT_PROJECT_VERSION = 1;
				GENERATE_INFOPLIST_FILE = YES;
				MARKETING_VERSION = 1.0;
				PRODUCT_BUNDLE_IDENTIFIER = changepond.mobile.TestFlight.CountCICDUITests;
				PRODUCT_NAME = "$(TARGET_NAME)";
				SWIFT_EMIT_LOC_STRINGS = NO;
				SWIFT_VERSION = 5.0;
				TARGETED_DEVICE_FAMILY = "1,2";
				TEST_TARGET_NAME = CountCICD;
			};
			name = Debug;
		};
		181E0C942CB68C1400688FA2 /* Release */ = {
			isa = XCBuildConfiguration;
			buildSettings = {
				CODE_SIGN_STYLE = Automatic;
				CURRENT_PROJECT_VERSION = 1;
				GENERATE_INFOPLIST_FILE = YES;
				MARKETING_VERSION = 1.0;
				PRODUCT_BUNDLE_IDENTIFIER = changepond.mobile.TestFlight.CountCICDUITests;
				PRODUCT_NAME = "$(TARGET_NAME)";
				SWIFT_EMIT_LOC_STRINGS = NO;
				SWIFT_VERSION = 5.0;
				TARGETED_DEVICE_FAMILY = "1,2";
				TEST_TARGET_NAME = CountCICD;
			};
			name = Release;
		};
/* End XCBuildConfiguration section */

/* Begin XCConfigurationList section */
		181E0C612CB68C1200688FA2 /* Build configuration list for PBXProject "CountCICD" */ = {
			isa = XCConfigurationList;
			buildConfigurations = (
				181E0C8A2CB68C1400688FA2 /* Debug */,
				181E0C8B2CB68C1400688FA2 /* Release */,
			);
			defaultConfigurationIsVisible = 0;
			defaultConfigurationName = Release;
		};
		181E0C8C2CB68C1400688FA2 /* Build configuration list for PBXNativeTarget "CountCICD" */ = {
			isa = XCConfigurationList;
			buildConfigurations = (
				181E0C8D2CB68C1400688FA2 /* Debug */,
				181E0C8E2CB68C1400688FA2 /* Release */,
			);
			defaultConfigurationIsVisible = 0;
			defaultConfigurationName = Release;
		};
		181E0C8F2CB68C1400688FA2 /* Build configuration list for PBXNativeTarget "CountCICDTests" */ = {
			isa = XCConfigurationList;
			buildConfigurations = (
				181E0C902CB68C1400688FA2 /* Debug */,
				181E0C912CB68C1400688FA2 /* Release */,
			);
			defaultConfigurationIsVisible = 0;
			defaultConfigurationName = Release;
		};
		181E0C922CB68C1400688FA2 /* Build configuration list for PBXNativeTarget "CountCICDUITests" */ = {
			isa = XCConfigurationList;
			buildConfigurations = (
				181E0C932CB68C1400688FA2 /* Debug */,
				181E0C942CB68C1400688FA2 /* Release */,
			);
			defaultConfigurationIsVisible = 0;
			defaultConfigurationName = Release;
		};
/* End XCConfigurationList section */
	};
	rootObject = 181E0C5E2CB68C1200688FA2 /* Project object */;
}
